
Microsoft Visual Studio Solution File, Format Version 12.00
# Visual Studio 2013
VisualStudioVersion = 12.0.31101.0
MinimumVisualStudioVersion = 10.0.40219.1
Project("{FAE04EC0-301F-11D3-BF4B-00C04F79EFBC}") = "HighIronRanch.Azure.TableStorage", "HighIronRanch.Azure.TableStorage\HighIronRanch.Azure.TableStorage.csproj", "{DA7CCC9C-F2B0-47DB-B50A-4582671E0264}"
EndProject
Project("{FAE04EC0-301F-11D3-BF4B-00C04F79EFBC}") = "HighIronRanch.Azure.ServiceBus", "HighIronRanch.Azure.ServiceBus\HighIronRanch.Azure.ServiceBus.csproj", "{E874A4AD-8C4D-4CA8-A8A7-6320DFF04A5C}"
EndProject
Project("{FAE04EC0-301F-11D3-BF4B-00C04F79EFBC}") = "HighIronRanch.Azure.ServiceBus.Contracts", "HighIronRanch.Azure.ServiceBus.Contracts\HighIronRanch.Azure.ServiceBus.Contracts.csproj", "{A08FE16F-D84E-4457-9DBB-A6D07113E144}"
EndProject
Project("{FAE04EC0-301F-11D3-BF4B-00C04F79EFBC}") = "HighIronRanch.Azure.ServiceBus.Test.Integration", "HighIronRanch.Azure.ServiceBus.Test.Integration\HighIronRanch.Azure.ServiceBus.Test.Integration.csproj", "{366B9551-E784-46A8-8BD8-ED0DB4DEB39E}"
EndProject
Project("{FAE04EC0-301F-11D3-BF4B-00C04F79EFBC}") = "HighIronRanch.Azure.ServiceBus.Test.Topics", "HighIronRanch.Azure.ServiceBus.Test.Topics\HighIronRanch.Azure.ServiceBus.Test.Topics.csproj", "{5572B92D-8BC6-41A5-9422-73135B8413BD}"
EndProject
Project("{FAE04EC0-301F-11D3-BF4B-00C04F79EFBC}") = "HighIronRanch.Azure.ServiceBus.Test.Common", "HighIronRanch.Azure.ServiceBus.Test.Common\HighIronRanch.Azure.ServiceBus.Test.Common.csproj", "{A500165C-BAAF-4EC1-9174-F9FE0420A328}"
EndProject
Global
	GlobalSection(SolutionConfigurationPlatforms) = preSolution
		Debug|Any CPU = Debug|Any CPU
		Release|Any CPU = Release|Any CPU
	EndGlobalSection
	GlobalSection(ProjectConfigurationPlatforms) = postSolution
		{DA7CCC9C-F2B0-47DB-B50A-4582671E0264}.Debug|Any CPU.ActiveCfg = Debug|Any CPU
		{DA7CCC9C-F2B0-47DB-B50A-4582671E0264}.Debug|Any CPU.Build.0 = Debug|Any CPU
		{DA7CCC9C-F2B0-47DB-B50A-4582671E0264}.Release|Any CPU.ActiveCfg = Release|Any CPU
		{DA7CCC9C-F2B0-47DB-B50A-4582671E0264}.Release|Any CPU.Build.0 = Release|Any CPU
		{E874A4AD-8C4D-4CA8-A8A7-6320DFF04A5C}.Debug|Any CPU.ActiveCfg = Debug|Any CPU
		{E874A4AD-8C4D-4CA8-A8A7-6320DFF04A5C}.Debug|Any CPU.Build.0 = Debug|Any CPU
		{E874A4AD-8C4D-4CA8-A8A7-6320DFF04A5C}.Release|Any CPU.ActiveCfg = Release|Any CPU
		{E874A4AD-8C4D-4CA8-A8A7-6320DFF04A5C}.Release|Any CPU.Build.0 = Release|Any CPU
		{A08FE16F-D84E-4457-9DBB-A6D07113E144}.Debug|Any CPU.ActiveCfg = Debug|Any CPU
		{A08FE16F-D84E-4457-9DBB-A6D07113E144}.Debug|Any CPU.Build.0 = Debug|Any CPU
		{A08FE16F-D84E-4457-9DBB-A6D07113E144}.Release|Any CPU.ActiveCfg = Release|Any CPU
		{A08FE16F-D84E-4457-9DBB-A6D07113E144}.Release|Any CPU.Build.0 = Release|Any CPU
		{366B9551-E784-46A8-8BD8-ED0DB4DEB39E}.Debug|Any CPU.ActiveCfg = Debug|Any CPU
		{366B9551-E784-46A8-8BD8-ED0DB4DEB39E}.Debug|Any CPU.Build.0 = Debug|Any CPU
		{366B9551-E784-46A8-8BD8-ED0DB4DEB39E}.Release|Any CPU.ActiveCfg = Release|Any CPU
		{366B9551-E784-46A8-8BD8-ED0DB4DEB39E}.Release|Any CPU.Build.0 = Release|Any CPU
		{5572B92D-8BC6-41A5-9422-73135B8413BD}.Debug|Any CPU.ActiveCfg = Debug|Any CPU
		{5572B92D-8BC6-41A5-9422-73135B8413BD}.Debug|Any CPU.Build.0 = Debug|Any CPU
		{5572B92D-8BC6-41A5-9422-73135B8413BD}.Release|Any CPU.ActiveCfg = Release|Any CPU
		{5572B92D-8BC6-41A5-9422-73135B8413BD}.Release|Any CPU.Build.0 = Release|Any CPU
		{A500165C-BAAF-4EC1-9174-F9FE0420A328}.Debug|Any CPU.ActiveCfg = Debug|Any CPU
		{A500165C-BAAF-4EC1-9174-F9FE0420A328}.Debug|Any CPU.Build.0 = Debug|Any CPU
		{A500165C-BAAF-4EC1-9174-F9FE0420A328}.Release|Any CPU.ActiveCfg = Release|Any CPU
		{A500165C-BAAF-4EC1-9174-F9FE0420A328}.Release|Any CPU.Build.0 = Release|Any CPU
	EndGlobalSection
	GlobalSection(SolutionProperties) = preSolution
		HideSolutionNode = FALSE
	EndGlobalSection
EndGlobal
